
Microsoft Visual Studio Solution File, Format Version 12.00
# Visual Studio Version 17
VisualStudioVersion = 17.0.32112.339
MinimumVisualStudioVersion = 10.0.40219.1
Project("{FAE04EC0-301F-11D3-BF4B-00C04F79EFBC}") = "Koleksiyonlar-Soru-2", "Koleksiyonlar-Soru-2\Koleksiyonlar-Soru-2.csproj", "{9BAFE1D6-E06B-4355-BF07-35D3D998ABDE}"
EndProject
Global
	GlobalSection(SolutionConfigurationPlatforms) = preSolution
		Debug|Any CPU = Debug|Any CPU
		Release|Any CPU = Release|Any CPU
	EndGlobalSection
	GlobalSection(ProjectConfigurationPlatforms) = postSolution
		{9BAFE1D6-E06B-4355-BF07-35D3D998ABDE}.Debug|Any CPU.ActiveCfg = Debug|Any CPU
		{9BAFE1D6-E06B-4355-BF07-35D3D998ABDE}.Debug|Any CPU.Build.0 = Debug|Any CPU
		{9BAFE1D6-E06B-4355-BF07-35D3D998ABDE}.Release|Any CPU.ActiveCfg = Release|Any CPU
		{9BAFE1D6-E06B-4355-BF07-35D3D998ABDE}.Release|Any CPU.Build.0 = Release|Any CPU
	EndGlobalSection
	GlobalSection(SolutionProperties) = preSolution
		HideSolutionNode = FALSE
	EndGlobalSection
	GlobalSection(ExtensibilityGlobals) = postSolution
		SolutionGuid = {5CEA1012-43A8-4680-B4CF-29EB2F40F7D0}
	EndGlobalSection
EndGlobal
